<?xml version="1.0" encoding="utf-8"?>
<Project ToolsVersion="4.0" xmlns="http://schemas.microsoft.com/developer/msbuild/2003">
  <ItemGroup>
    <Filter Include="Quelldateien">
      <UniqueIdentifier>{4FC737F1-C7A5-4376-A066-2A32D752A2FF}</UniqueIdentifier>
      <Extensions>cpp;c;cc;cxx;def;odl;idl;hpj;bat;asm;asmx</Extensions>
    </Filter>
    <Filter Include="Headerdateien">
      <UniqueIdentifier>{93995380-89BD-4b04-88EB-625FBE52EBFB}</UniqueIdentifier>
      <Extensions>h;hpp;hxx;hm;inl;inc;xsd</Extensions>
    </Filter>
    <Filter Include="Ressourcendateien">
      <UniqueIdentifier>{67DA6AB6-F800-4c08-8B7A-83BB121AAD01}</UniqueIdentifier>
      <Extensions>rc;ico;cur;bmp;dlg;rc2;rct;bin;rgs;gif;jpg;jpeg;jpe;resx;tiff;tif;png;wav;mfcribbon-ms</Extensions>
    </Filter>
  </ItemGroup>
  <ItemGroup>
    <ClCompile Include="DllMain.cpp">
      <Filter>Quelldateien</Filter>
    </ClCompile>
    <ClCompile Include="drawing.cpp">
      <Filter>Quelldateien</Filter>
    </ClCompile>
    <ClCompile Include="checksum_crc.cpp">
      <Filter>Quelldateien</Filter>
    </ClCompile>
    <ClCompile Include="CNoSpread.cpp">
      <Filter>Quelldateien</Filter>
    </ClCompile>
    <ClCompile Include="Utils.cpp">
      <Filter>Quelldateien</Filter>
    </ClCompile>
    <ClCompile Include="CTablefont.cpp">
      <Filter>Quelldateien</Filter>
    </ClCompile>
    <ClCompile Include="CAimbot.cpp">
      <Filter>Quelldateien</Filter>
    </ClCompile>
    <ClCompile Include="CConsole.cpp">
      <Filter>Quelldateien</Filter>
    </ClCompile>
    <ClCompile Include="netvars.cpp">
      <Filter>Quelldateien</Filter>
    </ClCompile>
    <ClCompile Include="GrenadeHint.cpp">
      <Filter>Quelldateien</Filter>
    </ClCompile>
    <ClCompile Include="gui.cpp">
      <Filter>Quelldateien</Filter>
    </ClCompile>
    <ClCompile Include="CSpread.cpp">
      <Filter>Quelldateien</Filter>
    </ClCompile>
    <ClCompile Include="GameEvent.cpp">
      <Filter>Quelldateien</Filter>
    </ClCompile>
    <ClCompile Include="cRadar.cpp">
      <Filter>Quelldateien</Filter>
    </ClCompile>
  </ItemGroup>
  <ItemGroup>
    <ClInclude Include="DllMain.h">
      <Filter>Headerdateien</Filter>
    </ClInclude>
    <ClInclude Include="SDK.h">
      <Filter>Headerdateien</Filter>
    </ClInclude>
    <ClInclude Include="Utils.h">
      <Filter>Headerdateien</Filter>
    </ClInclude>
    <ClInclude Include="drawing.h">
      <Filter>Headerdateien</Filter>
    </ClInclude>
    <ClInclude Include="Vector.h">
      <Filter>Headerdateien</Filter>
    </ClInclude>
    <ClInclude Include="netvars.h">
      <Filter>Headerdateien</Filter>
    </ClInclude>
    <ClInclude Include="checksum_crc.h">
      <Filter>Headerdateien</Filter>
    </ClInclude>
    <ClInclude Include="CNoSpread.h">
      <Filter>Headerdateien</Filter>
    </ClInclude>
    <ClInclude Include="CTablefont.h">
      <Filter>Headerdateien</Filter>
    </ClInclude>
    <ClInclude Include="CAimbot.h">
      <Filter>Headerdateien</Filter>
    </ClInclude>
    <ClInclude Include="Console.h">
      <Filter>Headerdateien</Filter>
    </ClInclude>
    <ClInclude Include="GrenadeHint.h">
      <Filter>Headerdateien</Filter>
    </ClInclude>
    <ClInclude Include="ModuleSecurity.h">
      <Filter>Headerdateien</Filter>
    </ClInclude>
    <ClInclude Include="gui.h">
      <Filter>Headerdateien</Filter>
    </ClInclude>
    <ClInclude Include="cvar.h">
      <Filter>Headerdateien</Filter>
    </ClInclude>
    <ClInclude Include="CSpread.h">
      <Filter>Headerdateien</Filter>
    </ClInclude>
    <ClInclude Include="Math.h">
      <Filter>Headerdateien</Filter>
    </ClInclude>
    <ClInclude Include="CTimer.h">
      <Filter>Headerdateien</Filter>
    </ClInclude>
    <ClInclude Include="cGameEvent.h">
      <Filter>Headerdateien</Filter>
    </ClInclude>
    <ClInclude Include="cRadar.h">
      <Filter>Headerdateien</Filter>
    </ClInclude>
  </ItemGroup>
</Project>